
Microsoft Visual Studio Solution File, Format Version 12.00
# Visual Studio Version 17
VisualStudioVersion = 17.12.35728.132 d17.12
MinimumVisualStudioVersion = 10.0.40219.1
Project("{FAE04EC0-301F-11D3-BF4B-00C04F79EFBC}") = "VNyan-Loops", "VNyan-Loops.csproj", "{9D4CBE68-24F0-4DF8-A922-8E14CEE22957}"
EndProject
Global
	GlobalSection(SolutionConfigurationPlatforms) = preSolution
		Debug|Any CPU = Debug|Any CPU
		Release|Any CPU = Release|Any CPU
	EndGlobalSection
	GlobalSection(ProjectConfigurationPlatforms) = postSolution
		{9D4CBE68-24F0-4DF8-A922-8E14CEE22957}.Debug|Any CPU.ActiveCfg = Debug|Any CPU
		{9D4CBE68-24F0-4DF8-A922-8E14CEE22957}.Debug|Any CPU.Build.0 = Debug|Any CPU
		{9D4CBE68-24F0-4DF8-A922-8E14CEE22957}.Release|Any CPU.ActiveCfg = Release|Any CPU
		{9D4CBE68-24F0-4DF8-A922-8E14CEE22957}.Release|Any CPU.Build.0 = Release|Any CPU
	EndGlobalSection
	GlobalSection(SolutionProperties) = preSolution
		HideSolutionNode = FALSE
	EndGlobalSection
EndGlobal
